
Microsoft Visual Studio Solution File, Format Version 12.00
# Visual Studio Version 17
VisualStudioVersion = 17.5.33502.453
MinimumVisualStudioVersion = 10.0.40219.1
Project("{FAE04EC0-301F-11D3-BF4B-00C04F79EFBC}") = "ConceptsPOO", "ConceptsPOO\ConceptsPOO.csproj", "{A1080C9D-60B0-4E45-B059-A2A50E0C416E}"
EndProject
Global
	GlobalSection(SolutionConfigurationPlatforms) = preSolution
		Debug|Any CPU = Debug|Any CPU
		Release|Any CPU = Release|Any CPU
	EndGlobalSection
	GlobalSection(ProjectConfigurationPlatforms) = postSolution
		{A1080C9D-60B0-4E45-B059-A2A50E0C416E}.Debug|Any CPU.ActiveCfg = Debug|Any CPU
		{A1080C9D-60B0-4E45-B059-A2A50E0C416E}.Debug|Any CPU.Build.0 = Debug|Any CPU
		{A1080C9D-60B0-4E45-B059-A2A50E0C416E}.Release|Any CPU.ActiveCfg = Release|Any CPU
		{A1080C9D-60B0-4E45-B059-A2A50E0C416E}.Release|Any CPU.Build.0 = Release|Any CPU
	EndGlobalSection
	GlobalSection(SolutionProperties) = preSolution
		HideSolutionNode = FALSE
	EndGlobalSection
	GlobalSection(ExtensibilityGlobals) = postSolution
		SolutionGuid = {0ED868BA-84F6-45FC-9EC6-63CBA0730753}
	EndGlobalSection
EndGlobal
